// !$*UTF8*$!
{
	archiveVersion = 1;
	classes = {
	};
	objectVersion = 46;
	objects = {

/* Begin PBXBuildFile section */
		A165BCB01FB469B000BE450B /* AppDelegate.swift in Sources */ = {isa = PBXBuildFile; fileRef = A165BCAF1FB469B000BE450B /* AppDelegate.swift */; };
		A165BCB21FB469B000BE450B /* ViewController.swift in Sources */ = {isa = PBXBuildFile; fileRef = A165BCB11FB469B000BE450B /* ViewController.swift */; };
		A165BCB51FB469B000BE450B /* Main.storyboard in Resources */ = {isa = PBXBuildFile; fileRef = A165BCB31FB469B000BE450B /* Main.storyboard */; };
		A165BCB71FB469B000BE450B /* Assets.xcassets in Resources */ = {isa = PBXBuildFile; fileRef = A165BCB61FB469B000BE450B /* Assets.xcassets */; };
		A165BCBA1FB469B000BE450B /* LaunchScreen.storyboard in Resources */ = {isa = PBXBuildFile; fileRef = A165BCB81FB469B000BE450B /* LaunchScreen.storyboard */; };
		A165BCC51FB469B000BE450B /* Core_LocationTests.swift in Sources */ = {isa = PBXBuildFile; fileRef = A165BCC41FB469B000BE450B /* Core_LocationTests.swift */; };
		A165BCD01FB469B000BE450B /* Core_LocationUITests.swift in Sources */ = {isa = PBXBuildFile; fileRef = A165BCCF1FB469B000BE450B /* Core_LocationUITests.swift */; };
/* End PBXBuildFile section */

/* Begin PBXContainerItemProxy section */
		A165BCC11FB469B000BE450B /* PBXContainerItemProxy */ = {
			isa = PBXContainerItemProxy;
			containerPortal = A165BCA41FB469AF00BE450B /* Project object */;
			proxyType = 1;
			remoteGlobalIDString = A165BCAB1FB469B000BE450B;
			remoteInfo = "Core-Location";
		};
		A165BCCC1FB469B000BE450B /* PBXContainerItemProxy */ = {
			isa = PBXContainerItemProxy;
			containerPortal = A165BCA41FB469AF00BE450B /* Project object */;
			proxyType = 1;
			remoteGlobalIDString = A165BCAB1FB469B000BE450B;
			remoteInfo = "Core-Location";
		};
/* End PBXContainerItemProxy section */

/* Begin PBXFileReference section */
		A165BCAC1FB469B000BE450B /* Core-Location.app */ = {isa = PBXFileReference; explicitFileType = wrapper.application; includeInIndex = 0; path = "Core-Location.app"; sourceTree = BUILT_PRODUCTS_DIR; };
		A165BCAF1FB469B000BE450B /* AppDelegate.swift */ = {isa = PBXFileReference; lastKnownFileType = sourcecode.swift; path = AppDelegate.swift; sourceTree = "<group>"; };
		A165BCB11FB469B000BE450B /* ViewController.swift */ = {isa = PBXFileReference; lastKnownFileType = sourcecode.swift; path = ViewController.swift; sourceTree = "<group>"; };
		A165BCB41FB469B000BE450B /* Base */ = {isa = PBXFileReference; lastKnownFileType = file.storyboard; name = Base; path = Base.lproj/Main.storyboard; sourceTree = "<group>"; };
		A165BCB61FB469B000BE450B /* Assets.xcassets */ = {isa = PBXFileReference; lastKnownFileType = folder.assetcatalog; path = Assets.xcassets; sourceTree = "<group>"; };
		A165BCB91FB469B000BE450B /* Base */ = {isa = PBXFileReference; lastKnownFileType = file.storyboard; name = Base; path = Base.lproj/LaunchScreen.storyboard; sourceTree = "<group>"; };
		A165BCBB1FB469B000BE450B /* Info.plist */ = {isa = PBXFileReference; lastKnownFileType = text.plist.xml; path = Info.plist; sourceTree = "<group>"; };
		A165BCC01FB469B000BE450B /* Core-LocationTests.xctest */ = {isa = PBXFileReference; explicitFileType = wrapper.cfbundle; includeInIndex = 0; path = "Core-LocationTests.xctest"; sourceTree = BUILT_PRODUCTS_DIR; };
		A165BCC41FB469B000BE450B /* Core_LocationTests.swift */ = {isa = PBXFileReference; lastKnownFileType = sourcecode.swift; path = Core_LocationTests.swift; sourceTree = "<group>"; };
		A165BCC61FB469B000BE450B /* Info.plist */ = {isa = PBXFileReference; lastKnownFileType = text.plist.xml; path = Info.plist; sourceTree = "<group>"; };
		A165BCCB1FB469B000BE450B /* Core-LocationUITests.xctest */ = {isa = PBXFileReference; explicitFileType = wrapper.cfbundle; includeInIndex = 0; path = "Core-LocationUITests.xctest"; sourceTree = BUILT_PRODUCTS_DIR; };
		A165BCCF1FB469B000BE450B /* Core_LocationUITests.swift */ = {isa = PBXFileReference; lastKnownFileType = sourcecode.swift; path = Core_LocationUITests.swift; sourceTree = "<group>"; };
		A165BCD11FB469B000BE450B /* Info.plist */ = {isa = PBXFileReference; lastKnownFileType = text.plist.xml; path = Info.plist; sourceTree = "<group>"; };
/* End PBXFileReference section */

/* Begin PBXFrameworksBuildPhase section */
		A165BCA91FB469B000BE450B /* Frameworks */ = {
			isa = PBXFrameworksBuildPhase;
			buildActionMask = 2147483647;
			files = (
			);
			runOnlyForDeploymentPostprocessing = 0;
		};
		A165BCBD1FB469B000BE450B /* Frameworks */ = {
			isa = PBXFrameworksBuildPhase;
			buildActionMask = 2147483647;
			files = (
			);
			runOnlyForDeploymentPostprocessing = 0;
		};
		A165BCC81FB469B000BE450B /* Frameworks */ = {
			isa = PBXFrameworksBuildPhase;
			buildActionMask = 2147483647;
			files = (
			);
			runOnlyForDeploymentPostprocessing = 0;
		};
/* End PBXFrameworksBuildPhase section */

/* Begin PBXGroup section */
		A165BCA31FB469AF00BE450B = {
			isa = PBXGroup;
			children = (
				A165BCAE1FB469B000BE450B /* Core-Location */,
				A165BCC31FB469B000BE450B /* Core-LocationTests */,
				A165BCCE1FB469B000BE450B /* Core-LocationUITests */,
				A165BCAD1FB469B000BE450B /* Products */,
			);
			sourceTree = "<group>";
		};
		A165BCAD1FB469B000BE450B /* Products */ = {
			isa = PBXGroup;
			children = (
				A165BCAC1FB469B000BE450B /* Core-Location.app */,
				A165BCC01FB469B000BE450B /* Core-LocationTests.xctest */,
				A165BCCB1FB469B000BE450B /* Core-LocationUITests.xctest */,
			);
			name = Products;
			sourceTree = "<group>";
		};
		A165BCAE1FB469B000BE450B /* Core-Location */ = {
			isa = PBXGroup;
			children = (
				A165BCAF1FB469B000BE450B /* AppDelegate.swift */,
				A165BCB11FB469B000BE450B /* ViewController.swift */,
				A165BCB31FB469B000BE450B /* Main.storyboard */,
				A165BCB61FB469B000BE450B /* Assets.xcassets */,
				A165BCB81FB469B000BE450B /* LaunchScreen.storyboard */,
				A165BCBB1FB469B000BE450B /* Info.plist */,
			);
			path = "Core-Location";
			sourceTree = "<group>";
		};
		A165BCC31FB469B000BE450B /* Core-LocationTests */ = {
			isa = PBXGroup;
			children = (
				A165BCC41FB469B000BE450B /* Core_LocationTests.swift */,
				A165BCC61FB469B000BE450B /* Info.plist */,
			);
			path = "Core-LocationTests";
			sourceTree = "<group>";
		};
		A165BCCE1FB469B000BE450B /* Core-LocationUITests */ = {
			isa = PBXGroup;
			children = (
				A165BCCF1FB469B000BE450B /* Core_LocationUITests.swift */,
				A165BCD11FB469B000BE450B /* Info.plist */,
			);
			path = "Core-LocationUITests";
			sourceTree = "<group>";
		};
/* End PBXGroup section */

/* Begin PBXNativeTarget section */
		A165BCAB1FB469B000BE450B /* Core-Location */ = {
			isa = PBXNativeTarget;
			buildConfigurationList = A165BCD41FB469B000BE450B /* Build configuration list for PBXNativeTarget "Core-Location" */;
			buildPhases = (
				A165BCA81FB469B000BE450B /* Sources */,
				A165BCA91FB469B000BE450B /* Frameworks */,
				A165BCAA1FB469B000BE450B /* Resources */,
			);
			buildRules = (
			);
			dependencies = (
			);
			name = "Core-Location";
			productName = "Core-Location";
			productReference = A165BCAC1FB469B000BE450B /* Core-Location.app */;
			productType = "com.apple.product-type.application";
		};
		A165BCBF1FB469B000BE450B /* Core-LocationTests */ = {
			isa = PBXNativeTarget;
			buildConfigurationList = A165BCD71FB469B000BE450B /* Build configuration list for PBXNativeTarget "Core-LocationTests" */;
			buildPhases = (
				A165BCBC1FB469B000BE450B /* Sources */,
				A165BCBD1FB469B000BE450B /* Frameworks */,
				A165BCBE1FB469B000BE450B /* Resources */,
			);
			buildRules = (
			);
			dependencies = (
				A165BCC21FB469B000BE450B /* PBXTargetDependency */,
			);
			name = "Core-LocationTests";
			productName = "Core-LocationTests";
			productReference = A165BCC01FB469B000BE450B /* Core-LocationTests.xctest */;
			productType = "com.apple.product-type.bundle.unit-test";
		};
		A165BCCA1FB469B000BE450B /* Core-LocationUITests */ = {
			isa = PBXNativeTarget;
			buildConfigurationList = A165BCDA1FB469B000BE450B /* Build configuration list for PBXNativeTarget "Core-LocationUITests" */;
			buildPhases = (
				A165BCC71FB469B000BE450B /* Sources */,
				A165BCC81FB469B000BE450B /* Frameworks */,
				A165BCC91FB469B000BE450B /* Resources */,
			);
			buildRules = (
			);
			dependencies = (
				A165BCCD1FB469B000BE450B /* PBXTargetDependency */,
			);
			name = "Core-LocationUITests";
			productName = "Core-LocationUITests";
			productReference = A165BCCB1FB469B000BE450B /* Core-LocationUITests.xctest */;
			productType = "com.apple.product-type.bundle.ui-testing";
		};
/* End PBXNativeTarget section */

/* Begin PBXProject section */
		A165BCA41FB469AF00BE450B /* Project object */ = {
			isa = PBXProject;
			attributes = {
				LastSwiftUpdateCheck = 0820;
				LastUpgradeCheck = 0820;
				ORGANIZATIONNAME = Apple;
				TargetAttributes = {
					A165BCAB1FB469B000BE450B = {
						CreatedOnToolsVersion = 8.2.1;
						ProvisioningStyle = Automatic;
					};
					A165BCBF1FB469B000BE450B = {
						CreatedOnToolsVersion = 8.2.1;
						ProvisioningStyle = Automatic;
						TestTargetID = A165BCAB1FB469B000BE450B;
					};
					A165BCCA1FB469B000BE450B = {
						CreatedOnToolsVersion = 8.2.1;
						ProvisioningStyle = Automatic;
						TestTargetID = A165BCAB1FB469B000BE450B;
					};
				};
			};
			buildConfigurationList = A165BCA71FB469B000BE450B /* Build configuration list for PBXProject "Core-Location" */;
			compatibilityVersion = "Xcode 3.2";
			developmentRegion = English;
			hasScannedForEncodings = 0;
			knownRegions = (
				en,
				Base,
			);
			mainGroup = A165BCA31FB469AF00BE450B;
			productRefGroup = A165BCAD1FB469B000BE450B /* Products */;
			projectDirPath = "";
			projectRoot = "";
			targets = (
				A165BCAB1FB469B000BE450B /* Core-Location */,
				A165BCBF1FB469B000BE450B /* Core-LocationTests */,
				A165BCCA1FB469B000BE450B /* Core-LocationUITests */,
			);
		};
/* End PBXProject section */

/* Begin PBXResourcesBuildPhase section */
		A165BCAA1FB469B000BE450B /* Resources */ = {
			isa = PBXResourcesBuildPhase;
			buildActionMask = 2147483647;
			files = (
				A165BCBA1FB469B000BE450B /* LaunchScreen.storyboard in Resources */,
				A165BCB71FB469B000BE450B /* Assets.xcassets in Resources */,
				A165BCB51FB469B000BE450B /* Main.storyboard in Resources */,
			);
			runOnlyForDeploymentPostprocessing = 0;
		};
		A165BCBE1FB469B000BE450B /* Resources */ = {
			isa = PBXResourcesBuildPhase;
			buildActionMask = 2147483647;
			files = (
			);
			runOnlyForDeploymentPostprocessing = 0;
		};
		A165BCC91FB469B000BE450B /* Resources */ = {
			isa = PBXResourcesBuildPhase;
			buildActionMask = 2147483647;
			files = (
			);
			runOnlyForDeploymentPostprocessing = 0;
		};
/* End PBXResourcesBuildPhase section */

/* Begin PBXSourcesBuildPhase section */
		A165BCA81FB469B000BE450B /* Sources */ = {
			isa = PBXSourcesBuildPhase;
			buildActionMask = 2147483647;
			files = (
				A165BCB21FB469B000BE450B /* ViewController.swift in Sources */,
				A165BCB01FB469B000BE450B /* AppDelegate.swift in Sources */,
			);
			runOnlyForDeploymentPostprocessing = 0;
		};
		A165BCBC1FB469B000BE450B /* Sources */ = {
			isa = PBXSourcesBuildPhase;
			buildActionMask = 2147483647;
			files = (
				A165BCC51FB469B000BE450B /* Core_LocationTests.swift in Sources */,
			);
			runOnlyForDeploymentPostprocessing = 0;
		};
		A165BCC71FB469B000BE450B /* Sources */ = {
			isa = PBXSourcesBuildPhase;
			buildActionMask = 2147483647;
			files = (
				A165BCD01FB469B000BE450B /* Core_LocationUITests.swift in Sources */,
			);
			runOnlyForDeploymentPostprocessing = 0;
		};
/* End PBXSourcesBuildPhase section */

/* Begin PBXTargetDependency section */
		A165BCC21FB469B000BE450B /* PBXTargetDependency */ = {
			isa = PBXTargetDependency;
			target = A165BCAB1FB469B000BE450B /* Core-Location */;
			targetProxy = A165BCC11FB469B000BE450B /* PBXContainerItemProxy */;
		};
		A165BCCD1FB469B000BE450B /* PBXTargetDependency */ = {
			isa = PBXTargetDependency;
			target = A165BCAB1FB469B000BE450B /* Core-Location */;
			targetProxy = A165BCCC1FB469B000BE450B /* PBXContainerItemProxy */;
		};
/* End PBXTargetDependency section */

/* Begin PBXVariantGroup section */
		A165BCB31FB469B000BE450B /* Main.storyboard */ = {
			isa = PBXVariantGroup;
			children = (
				A165BCB41FB469B000BE450B /* Base */,
			);
			name = Main.storyboard;
			sourceTree = "<group>";
		};
		A165BCB81FB469B000BE450B /* LaunchScreen.storyboard */ = {
			isa = PBXVariantGroup;
			children = (
				A165BCB91FB469B000BE450B /* Base */,
			);
			name = LaunchScreen.storyboard;
			sourceTree = "<group>";
		};
/* End PBXVariantGroup section */

/* Begin XCBuildConfiguration section */
		A165BCD21FB469B000BE450B /* Debug */ = {
			isa = XCBuildConfiguration;
			buildSettings = {
				ALWAYS_SEARCH_USER_PATHS = NO;
				CLANG_ANALYZER_NONNULL = YES;
				CLANG_CXX_LANGUAGE_STANDARD = "gnu++0x";
				CLANG_CXX_LIBRARY = "libc++";
				CLANG_ENABLE_MODULES = YES;
				CLANG_ENABLE_OBJC_ARC = YES;
				CLANG_WARN_BOOL_CONVERSION = YES;
				CLANG_WARN_CONSTANT_CONVERSION = YES;
				CLANG_WARN_DIRECT_OBJC_ISA_USAGE = YES_ERROR;
				CLANG_WARN_DOCUMENTATION_COMMENTS = YES;
				CLANG_WARN_EMPTY_BODY = YES;
				CLANG_WARN_ENUM_CONVERSION = YES;
				CLANG_WARN_INFINITE_RECURSION = YES;
				CLANG_WARN_INT_CONVERSION = YES;
				CLANG_WARN_OBJC_ROOT_CLASS = YES_ERROR;
				CLANG_WARN_SUSPICIOUS_MOVE = YES;
				CLANG_WARN_UNREACHABLE_CODE = YES;
				CLANG_WARN__DUPLICATE_METHOD_MATCH = YES;
				"CODE_SIGN_IDENTITY[sdk=iphoneos*]" = "iPhone Developer";
				COPY_PHASE_STRIP = NO;
				DEBUG_INFORMATION_FORMAT = dwarf;
				ENABLE_STRICT_OBJC_MSGSEND = YES;
				ENABLE_TESTABILITY = YES;
				GCC_C_LANGUAGE_STANDARD = gnu99;
				GCC_DYNAMIC_NO_PIC = NO;
				GCC_NO_COMMON_BLOCKS = YES;
				GCC_OPTIMIZATION_LEVEL = 0;
				GCC_PREPROCESSOR_DEFINITIONS = (
					"DEBUG=1",
					"$(inherited)",
				);
				GCC_WARN_64_TO_32_BIT_CONVERSION = YES;
				GCC_WARN_ABOUT_RETURN_TYPE = YES_ERROR;
				GCC_WARN_UNDECLARED_SELECTOR = YES;
				GCC_WARN_UNINITIALIZED_AUTOS = YES_AGGRESSIVE;
				GCC_WARN_UNUSED_FUNCTION = YES;
				GCC_WARN_UNUSED_VARIABLE = YES;
				IPHONEOS_DEPLOYMENT_TARGET = 10.2;
				MTL_ENABLE_DEBUG_INFO = YES;
				ONLY_ACTIVE_ARCH = YES;
				SDKROOT = iphoneos;
				SWIFT_ACTIVE_COMPILATION_CONDITIONS = DEBUG;
				SWIFT_OPTIMIZATION_LEVEL = "-Onone";
				TARGETED_DEVICE_FAMILY = "1,2";
			};
			name = Debug;
		};
		A165BCD31FB469B000BE450B /* Release */ = {
			isa = XCBuildConfiguration;
			buildSettings = {
				ALWAYS_SEARCH_USER_PATHS = NO;
				CLANG_ANALYZER_NONNULL = YES;
				CLANG_CXX_LANGUAGE_STANDARD = "gnu++0x";
				CLANG_CXX_LIBRARY = "libc++";
				CLANG_ENABLE_MODULES = YES;
				CLANG_ENABLE_OBJC_ARC = YES;
				CLANG_WARN_BOOL_CONVERSION = YES;
				CLANG_WARN_CONSTANT_CONVERSION = YES;
				CLANG_WARN_DIRECT_OBJC_ISA_USAGE = YES_ERROR;
				CLANG_WARN_DOCUMENTATION_COMMENTS = YES;
				CLANG_WARN_EMPTY_BODY = YES;
				CLANG_WARN_ENUM_CONVERSION = YES;
				CLANG_WARN_INFINITE_RECURSION = YES;
				CLANG_WARN_INT_CONVERSION = YES;
				CLANG_WARN_OBJC_ROOT_CLASS = YES_ERROR;
				CLANG_WARN_SUSPICIOUS_MOVE = YES;
				CLANG_WARN_UNREACHABLE_CODE = YES;
				CLANG_WARN__DUPLICATE_METHOD_MATCH = YES;
				"CODE_SIGN_IDENTITY[sdk=iphoneos*]" = "iPhone Developer";
				COPY_PHASE_STRIP = NO;
				DEBUG_INFORMATION_FORMAT = "dwarf-with-dsym";
				ENABLE_NS_ASSERTIONS = NO;
				ENABLE_STRICT_OBJC_MSGSEND = YES;
				GCC_C_LANGUAGE_STANDARD = gnu99;
				GCC_NO_COMMON_BLOCKS = YES;
				GCC_WARN_64_TO_32_BIT_CONVERSION = YES;
				GCC_WARN_ABOUT_RETURN_TYPE = YES_ERROR;
				GCC_WARN_UNDECLARED_SELECTOR = YES;
				GCC_WARN_UNINITIALIZED_AUTOS = YES_AGGRESSIVE;
				GCC_WARN_UNUSED_FUNCTION = YES;
				GCC_WARN_UNUSED_VARIABLE = YES;
				IPHONEOS_DEPLOYMENT_TARGET = 10.2;
				MTL_ENABLE_DEBUG_INFO = NO;
				SDKROOT = iphoneos;
				SWIFT_OPTIMIZATION_LEVEL = "-Owholemodule";
				TARGETED_DEVICE_FAMILY = "1,2";
				VALIDATE_PRODUCT = YES;
			};
			name = Release;
		};
		A165BCD51FB469B000BE450B /* Debug */ = {
			isa = XCBuildConfiguration;
			buildSettings = {
				ASSETCATALOG_COMPILER_APPICON_NAME = AppIcon;
				INFOPLIST_FILE = "Core-Location/Info.plist";
				LD_RUNPATH_SEARCH_PATHS = "$(inherited) @executable_path/Frameworks";
				PRODUCT_BUNDLE_IDENTIFIER = "com.Fortun.Core-Location";
				PRODUCT_NAME = "$(TARGET_NAME)";
				SWIFT_VERSION = 3.0;
			};
			name = Debug;
		};
		A165BCD61FB469B000BE450B /* Release */ = {
			isa = XCBuildConfiguration;
			buildSettings = {
				ASSETCATALOG_COMPILER_APPICON_NAME = AppIcon;
				INFOPLIST_FILE = "Core-Location/Info.plist";
				LD_RUNPATH_SEARCH_PATHS = "$(inherited) @executable_path/Frameworks";
				PRODUCT_BUNDLE_IDENTIFIER = "com.Fortun.Core-Location";
				PRODUCT_NAME = "$(TARGET_NAME)";
				SWIFT_VERSION = 3.0;
			};
			name = Release;
		};
		A165BCD81FB469B000BE450B /* Debug */ = {
			isa = XCBuildConfiguration;
			buildSettings = {
				ALWAYS_EMBED_SWIFT_STANDARD_LIBRARIES = YES;
				BUNDLE_LOADER = "$(TEST_HOST)";
				INFOPLIST_FILE = "Core-LocationTests/Info.plist";
				LD_RUNPATH_SEARCH_PATHS = "$(inherited) @executable_path/Frameworks @loader_path/Frameworks";
				PRODUCT_BUNDLE_IDENTIFIER = "com.Fortun.Core-LocationTests";
				PRODUCT_NAME = "$(TARGET_NAME)";
				SWIFT_VERSION = 3.0;
				TEST_HOST = "$(BUILT_PRODUCTS_DIR)/Core-Location.app/Core-Location";
			};
			name = Debug;
		};
		A165BCD91FB469B000BE450B /* Release */ = {
			isa = XCBuildConfiguration;
			buildSettings = {
				ALWAYS_EMBED_SWIFT_STANDARD_LIBRARIES = YES;
				BUNDLE_LOADER = "$(TEST_HOST)";
				INFOPLIST_FILE = "Core-LocationTests/Info.plist";
				LD_RUNPATH_SEARCH_PATHS = "$(inherited) @executable_path/Frameworks @loader_path/Frameworks";
				PRODUCT_BUNDLE_IDENTIFIER = "com.Fortun.Core-LocationTests";
				PRODUCT_NAME = "$(TARGET_NAME)";
				SWIFT_VERSION = 3.0;
				TEST_HOST = "$(BUILT_PRODUCTS_DIR)/Core-Location.app/Core-Location";
			};
			name = Release;
		};
		A165BCDB1FB469B000BE450B /* Debug */ = {
			isa = XCBuildConfiguration;
			buildSettings = {
				ALWAYS_EMBED_SWIFT_STANDARD_LIBRARIES = YES;
				INFOPLIST_FILE = "Core-LocationUITests/Info.plist";
				LD_RUNPATH_SEARCH_PATHS = "$(inherited) @executable_path/Frameworks @loader_path/Frameworks";
				PRODUCT_BUNDLE_IDENTIFIER = "com.Fortun.Core-LocationUITests";
				PRODUCT_NAME = "$(TARGET_NAME)";
				SWIFT_VERSION = 3.0;
				TEST_TARGET_NAME = "Core-Location";
			};
			name = Debug;
		};
		A165BCDC1FB469B000BE450B /* Release */ = {
			isa = XCBuildConfiguration;
			buildSettings = {
				ALWAYS_EMBED_SWIFT_STANDARD_LIBRARIES = YES;
				INFOPLIST_FILE = "Core-LocationUITests/Info.plist";
				LD_RUNPATH_SEARCH_PATHS = "$(inherited) @executable_path/Frameworks @loader_path/Frameworks";
				PRODUCT_BUNDLE_IDENTIFIER = "com.Fortun.Core-LocationUITests";
				PRODUCT_NAME = "$(TARGET_NAME)";
				SWIFT_VERSION = 3.0;
				TEST_TARGET_NAME = "Core-Location";
			};
			name = Release;
		};
/* End XCBuildConfiguration section */

/* Begin XCConfigurationList section */
		A165BCA71FB469B000BE450B /* Build configuration list for PBXProject "Core-Location" */ = {
			isa = XCConfigurationList;
			buildConfigurations = (
				A165BCD21FB469B000BE450B /* Debug */,
				A165BCD31FB469B000BE450B /* Release */,
			);
			defaultConfigurationIsVisible = 0;
			defaultConfigurationName = Release;
		};
		A165BCD41FB469B000BE450B /* Build configuration list for PBXNativeTarget "Core-Location" */ = {
			isa = XCConfigurationList;
			buildConfigurations = (
				A165BCD51FB469B000BE450B /* Debug */,
				A165BCD61FB469B000BE450B /* Release */,
			);
			defaultConfigurationIsVisible = 0;
		};
		A165BCD71FB469B000BE450B /* Build configuration list for PBXNativeTarget "Core-LocationTests" */ = {
			isa = XCConfigurationList;
			buildConfigurations = (
				A165BCD81FB469B000BE450B /* Debug */,
				A165BCD91FB469B000BE450B /* Release */,
			);
			defaultConfigurationIsVisible = 0;
		};
		A165BCDA1FB469B000BE450B /* Build configuration list for PBXNativeTarget "Core-LocationUITests" */ = {
			isa = XCConfigurationList;
			buildConfigurations = (
				A165BCDB1FB469B000BE450B /* Debug */,
				A165BCDC1FB469B000BE450B /* Release */,
			);
			defaultConfigurationIsVisible = 0;
		};
/* End XCConfigurationList section */
	};
	rootObject = A165BCA41FB469AF00BE450B /* Project object */;
}
